{
  "name": "lexicon-emotion-analysis",
  "version": "1.3.0",
  "lockfileVersion": 3,
  "requires": true,
  "author": "Sérgio M. Rebelo <sergiorebelo@me.com> (http://sergiorebelo.work/)",
  "description": "TBD",
  "license": "ISC",
  "main": "sentence-tokeniser.mjs",
  "type": "module",
  "packages": {
    "": {
      "name": "lexicon-emotion-analysis",
      "version": "1.3.0",
      "license": "ISC",
      "dependencies": {
        "fin-negation": "^1.0.8",
        "fin-urls": "^1.0.4",
        "finnlp": "^1.1.1",
        "node-emoji": "^1.11.0",
        "stopwords-json": "^1.2.0"
      }
    },
    "node_modules/anchorme": {
      "version": "1.1.2",
      "resolved": "https://registry.npmjs.org/anchorme/-/anchorme-1.1.2.tgz",
      "integrity": "sha512-/jQV4KaMWGSk+izs7KkqgoEbl+8dpePBbanE8OuwFD6Zrl8Vn1zi8w0ja5ZVRSrFnogkTag2YrNBWR6MRlwgbg=="
    },
    "node_modules/cities-list": {
      "version": "1.0.3",
      "resolved": "https://registry.npmjs.org/cities-list/-/cities-list-1.0.3.tgz",
      "integrity": "sha512-UadgzcZiV38TvJXlGymITRvvxaR5PtlrS2M+RJICyvRNp3TnOCPA/5ZZuRn8yG6SexKy1x9I+IwFctZ39XbI/Q=="
    },
    "node_modules/en-inflectors": {
      "version": "1.0.12",
      "resolved": "https://registry.npmjs.org/en-inflectors/-/en-inflectors-1.0.12.tgz",
      "integrity": "sha512-G9wwJMx9DQQzwom8J8e8ErVpI6h/Z5BpYusJCE2Q/2NfgBNYCesyNaCOOskZAhOrw2nmR4D8nYAv4Xv/INIbzw==",
      "dependencies": {
        "en-stemmer": "^1.0.2"
      }
    },
    "node_modules/en-lexicon": {
      "version": "1.0.11",
      "resolved": "https://registry.npmjs.org/en-lexicon/-/en-lexicon-1.0.11.tgz",
      "integrity": "sha512-eanOw9551H6jMRpRK023+Nlss5qnuAi99drXcSUzQySsMrB43teDNbin/AbpOfnemQiTtuZChXYm2kEIR1Mhmg==",
      "dependencies": {
        "en-inflectors": "^1.0.7"
      }
    },
    "node_modules/en-norm": {
      "version": "0.0.2",
      "resolved": "https://registry.npmjs.org/en-norm/-/en-norm-0.0.2.tgz",
      "integrity": "sha512-LcApDzmkDU/OUsZN0Wc2NFlDNOHBWgZOHu8aQUiD5ezQlUKNNRMBIL9AqKqb+V0/EXA06Sn6BZLgZXfBTi/alQ==",
      "dependencies": {
        "en-inflectors": "^1.0.11",
        "en-lexicon": "^1.0.10"
      }
    },
    "node_modules/en-parse": {
      "version": "1.1.7",
      "resolved": "https://registry.npmjs.org/en-parse/-/en-parse-1.1.7.tgz",
      "integrity": "sha512-YnJXElRwNQjczHFTsBOZ5vmvNJOKlb7O30ohQoCYAwkowmafRRS2Ci53/gQXHBdwlKa+9bavHgSrdEj4ldTp3w==",
      "dependencies": {
        "en-inflectors": "^1.0.8"
      }
    },
    "node_modules/en-pos": {
      "version": "1.0.16",
      "resolved": "https://registry.npmjs.org/en-pos/-/en-pos-1.0.16.tgz",
      "integrity": "sha512-b/tYA8NNl2fuXn55deB81RwW6S9bJqgYjNMVmltUZxT1JZEzNsWvkZpKiXfOe4RlsB2t5O3s1B/BgnXDOAO1Zw==",
      "dependencies": {
        "cities-list": "^1.0.3",
        "en-inflectors": "^1.0.7",
        "en-lexicon": "^1.0.8",
        "humannames": "^1.0.5"
      }
    },
    "node_modules/en-stemmer": {
      "version": "1.0.3",
      "resolved": "https://registry.npmjs.org/en-stemmer/-/en-stemmer-1.0.3.tgz",
      "integrity": "sha512-sBeYsHLqZWACn/mTRLAMdYb/A53s55r4/nCB2UjKK96EBuRQ4t4GKl4V1pW/0hvzdncfYlZRT+JSIRxCtoYqbA=="
    },
    "node_modules/fin-negation": {
      "version": "1.0.8",
      "resolved": "https://registry.npmjs.org/fin-negation/-/fin-negation-1.0.8.tgz",
      "integrity": "sha512-jcuuP08DrGsMYXBFnxVd4IzPMaeUE3ZoypfN1vcOBTch0TUaObjo1QzugmTr7npAeKnfvmnNVc6BlJZ6A/mDfA==",
      "dependencies": {
        "en-inflectors": "^1.0.9"
      }
    },
    "node_modules/fin-urls": {
      "version": "1.0.4",
      "resolved": "https://registry.npmjs.org/fin-urls/-/fin-urls-1.0.4.tgz",
      "integrity": "sha512-gRptUU2KqdwbZwULSjDbmeG5vwWfbZuIdChWYrAqyknMyq4hmAPPndhkSNgNQ6z+WtwUemZb5+e9DnQ38DmVGw==",
      "dependencies": {
        "anchorme": "^1.0.4"
      }
    },
    "node_modules/finnlp": {
      "version": "1.1.1",
      "resolved": "https://registry.npmjs.org/finnlp/-/finnlp-1.1.1.tgz",
      "integrity": "sha512-BYSN0PWf44/S59dnOtmJDM83nXLN63tSC1MrglfjQTHTYwmH9vSbhxiUPSnDv3rqSGgF9fAT8AxgeqOjNVtS4g==",
      "dependencies": {
        "en-norm": "0.0.2",
        "en-parse": "^1.1.0",
        "en-pos": "^1.0.13",
        "lemmatizer": "0.0.1",
        "lexed": "^1.0.10"
      }
    },
    "node_modules/humannames": {
      "version": "1.0.5",
      "resolved": "https://registry.npmjs.org/humannames/-/humannames-1.0.5.tgz",
      "integrity": "sha512-FArOOhsfu1Rzc6wj8TZWTEpO/+TQOqhU0YNx+IyRaScE7HVanOwn8knN1OjjUngJOLaRqFSLjX0EzvMiNnT7zw=="
    },
    "node_modules/lemmatizer": {
      "version": "0.0.1",
      "resolved": "https://registry.npmjs.org/lemmatizer/-/lemmatizer-0.0.1.tgz",
      "integrity": "sha512-OhVYdbBYeCHE0Jea6L8jzbyKzZyZVjq/Aexd7Tv/kQa4TSiXR9HQ7+SgsD/VRzNNEB2sfO5HCx4Czg1fWgibDw==",
      "dependencies": {
        "en-inflectors": "^1.0.11",
        "en-lexicon": "^1.0.10",
        "en-stemmer": "^1.0.3"
      }
    },
    "node_modules/lexed": {
      "version": "1.0.10",
      "resolved": "https://registry.npmjs.org/lexed/-/lexed-1.0.10.tgz",
      "integrity": "sha512-EmLOEQK9F58dwoRN4ICvghtUmWKwL4JjDye3hh/R94VTv52hXVmMDn7vleLJNCeMg1t20+bOITRkUVJ286uakA=="
    },
    "node_modules/lodash": {
      "version": "4.17.21",
      "resolved": "https://registry.npmjs.org/lodash/-/lodash-4.17.21.tgz",
      "integrity": "sha512-v2kDEe57lecTulaDIuNTPy3Ry4gLGJ6Z1O3vE1krgXZNrsQ+LFTGHVxVjcXPs17LhbZVGedAJv8XZ1tvj5FvSg=="
    },
    "node_modules/node-emoji": {
      "version": "1.11.0",
      "resolved": "https://registry.npmjs.org/node-emoji/-/node-emoji-1.11.0.tgz",
      "integrity": "sha512-wo2DpQkQp7Sjm2A0cq+sN7EHKO6Sl0ctXeBdFZrL9T9+UywORbufTcTZxom8YqpLQt/FqNMUkOpkZrJVYSKD3A==",
      "dependencies": {
        "lodash": "^4.17.21"
      }
    },
    "node_modules/stopwords-json": {
      "version": "1.2.0",
      "resolved": "https://registry.npmjs.org/stopwords-json/-/stopwords-json-1.2.0.tgz",
      "integrity": "sha512-oXWgWb4BKcs5YBWPD4uSKzcJLw2dz+CrdRKbwrCogal6q44jp5WZpJx7QBX0dOl9bCb5dpNjKevZAPCr5gra4Q=="
    }
  },
  "scripts": {
    "test": "node test.js"
  }
}
